
Microsoft Visual Studio Solution File, Format Version 12.00
# Visual Studio 14
VisualStudioVersion = 14.0.23107.0
MinimumVisualStudioVersion = 10.0.40219.1
Project("{2150E333-8FDC-42A3-9474-1A3956D46DE8}") = "Game", "Game", "{00ECC077-318E-4A02-BCF7-B5EEB760D1EA}"
EndProject
Project("{2150E333-8FDC-42A3-9474-1A3956D46DE8}") = "Engine", "Engine", "{99233EC8-D4DA-4F0E-B9D4-46048A9CCC88}"
EndProject
Project("{2150E333-8FDC-42A3-9474-1A3956D46DE8}") = "Tools", "Tools", "{D786DC25-2CAB-4005-8DA3-36AAA0475282}"
EndProject
Project("{8BC9CEB8-8B4A-11D0-8D11-00A0C91BC942}") = "Game", "Code\Game\Game\Game.vcxproj", "{C157A36A-8BCA-4885-A186-5CD5F2189A51}"
	ProjectSection(ProjectDependencies) = postProject
		{3670C64E-AAA0-4056-BF89-744D0276F609} = {3670C64E-AAA0-4056-BF89-744D0276F609}
		{3B866650-DA3E-4589-A417-38A3DE60EDD5} = {3B866650-DA3E-4589-A417-38A3DE60EDD5}
		{552B2876-037A-4A14-8E5B-D73907DF5322} = {552B2876-037A-4A14-8E5B-D73907DF5322}
		{433FF686-9527-4C97-8EF4-060152A428B5} = {433FF686-9527-4C97-8EF4-060152A428B5}
		{1104BADA-153D-46D4-B8F7-22228BDA7608} = {1104BADA-153D-46D4-B8F7-22228BDA7608}
		{136761E4-C684-4AFF-BF27-E946FCF006A1} = {136761E4-C684-4AFF-BF27-E946FCF006A1}
	EndProjectSection
EndProject
Project("{8BC9CEB8-8B4A-11D0-8D11-00A0C91BC942}") = "BuildAssets", "Code\Game\BuildAssets\BuildAssets.vcxproj", "{3670C64E-AAA0-4056-BF89-744D0276F609}"
	ProjectSection(ProjectDependencies) = postProject
		{CFC5A32F-D357-4B01-950E-CA5B6852B89D} = {CFC5A32F-D357-4B01-950E-CA5B6852B89D}
		{C9BDAC7C-C59A-4367-A21D-0FEDABB93012} = {C9BDAC7C-C59A-4367-A21D-0FEDABB93012}
		{ABF804FE-993A-43E2-A242-F3090A290B12} = {ABF804FE-993A-43E2-A242-F3090A290B12}
	EndProjectSection
EndProject
Project("{8BC9CEB8-8B4A-11D0-8D11-00A0C91BC942}") = "Graphics", "Code\Engine\Graphics\Graphics.vcxproj", "{3B866650-DA3E-4589-A417-38A3DE60EDD5}"
	ProjectSection(ProjectDependencies) = postProject
		{06F00F02-D352-44A1-B42B-B5C2CEB2567A} = {06F00F02-D352-44A1-B42B-B5C2CEB2567A}
		{1620450C-4D4B-439F-8065-C90773F7375F} = {1620450C-4D4B-439F-8065-C90773F7375F}
		{B6BC0082-C4EF-4B54-9247-6C5FF414FF2A} = {B6BC0082-C4EF-4B54-9247-6C5FF414FF2A}
		{433FF686-9527-4C97-8EF4-060152A428B5} = {433FF686-9527-4C97-8EF4-060152A428B5}
		{45CDCFF0-7F57-457F-9706-C3C15E7EA597} = {45CDCFF0-7F57-457F-9706-C3C15E7EA597}
	EndProjectSection
EndProject
Project("{8BC9CEB8-8B4A-11D0-8D11-00A0C91BC942}") = "UserOutput", "Code\Engine\UserOutput\UserOutput.vcxproj", "{1620450C-4D4B-439F-8065-C90773F7375F}"
	ProjectSection(ProjectDependencies) = postProject
		{433FF686-9527-4C97-8EF4-060152A428B5} = {433FF686-9527-4C97-8EF4-060152A428B5}
	EndProjectSection
EndProject
Project("{2150E333-8FDC-42A3-9474-1A3956D46DE8}") = "Externals", "Externals", "{AA7D464F-631D-4AA3-910B-48591777A912}"
EndProject
Project("{8BC9CEB8-8B4A-11D0-8D11-00A0C91BC942}") = "OpenGlExtensions", "Code\Externals\OpenGlExtensions\OpenGlExtensions.vcxproj", "{B6BC0082-C4EF-4B54-9247-6C5FF414FF2A}"
	ProjectSection(ProjectDependencies) = postProject
		{433FF686-9527-4C97-8EF4-060152A428B5} = {433FF686-9527-4C97-8EF4-060152A428B5}
	EndProjectSection
EndProject
Project("{8BC9CEB8-8B4A-11D0-8D11-00A0C91BC942}") = "Lua", "Code\Externals\Lua\Lua.vcxproj", "{45CDCFF0-7F57-457F-9706-C3C15E7EA597}"
EndProject
Project("{8BC9CEB8-8B4A-11D0-8D11-00A0C91BC942}") = "LuaC", "Code\Externals\Lua\LuaC.vcxproj", "{393119AF-5F33-4130-9BE8-8A59EEBED07E}"
	ProjectSection(ProjectDependencies) = postProject
		{45CDCFF0-7F57-457F-9706-C3C15E7EA597} = {45CDCFF0-7F57-457F-9706-C3C15E7EA597}
	EndProjectSection
EndProject
Project("{8BC9CEB8-8B4A-11D0-8D11-00A0C91BC942}") = "LuaExe", "Code\Externals\Lua\LuaExe.vcxproj", "{9653A255-0309-403F-9193-DE569343011F}"
	ProjectSection(ProjectDependencies) = postProject
		{45CDCFF0-7F57-457F-9706-C3C15E7EA597} = {45CDCFF0-7F57-457F-9706-C3C15E7EA597}
	EndProjectSection
EndProject
Project("{2150E333-8FDC-42A3-9474-1A3956D46DE8}") = "Scripts", "Scripts", "{4C09F8B3-579F-4909-9DDA-4F2318FD8D68}"
	ProjectSection(SolutionItems) = preProject
		Scripts\AssetsToBuild.lua = Scripts\AssetsToBuild.lua
		Scripts\BuildAssets.lua = Scripts\BuildAssets.lua
	EndProjectSection
EndProject
Project("{8BC9CEB8-8B4A-11D0-8D11-00A0C91BC942}") = "Windows", "Code\Engine\Windows\Windows.vcxproj", "{433FF686-9527-4C97-8EF4-060152A428B5}"
EndProject
Project("{8BC9CEB8-8B4A-11D0-8D11-00A0C91BC942}") = "AssetBuilder", "Code\Tools\AssetBuilder\AssetBuilder.vcxproj", "{ABF804FE-993A-43E2-A242-F3090A290B12}"
	ProjectSection(ProjectDependencies) = postProject
		{433FF686-9527-4C97-8EF4-060152A428B5} = {433FF686-9527-4C97-8EF4-060152A428B5}
		{5F8004A7-75AD-49AC-85C7-96D9B9F19533} = {5F8004A7-75AD-49AC-85C7-96D9B9F19533}
		{45CDCFF0-7F57-457F-9706-C3C15E7EA597} = {45CDCFF0-7F57-457F-9706-C3C15E7EA597}
	EndProjectSection
EndProject
Project("{8BC9CEB8-8B4A-11D0-8D11-00A0C91BC942}") = "BuilderHelper", "Code\Tools\BuilderHelper\BuilderHelper.vcxproj", "{5F8004A7-75AD-49AC-85C7-96D9B9F19533}"
EndProject
Project("{8BC9CEB8-8B4A-11D0-8D11-00A0C91BC942}") = "GenericBuilder", "Code\Tools\GenericBuilder\GenericBuilder.vcxproj", "{C9BDAC7C-C59A-4367-A21D-0FEDABB93012}"
	ProjectSection(ProjectDependencies) = postProject
		{433FF686-9527-4C97-8EF4-060152A428B5} = {433FF686-9527-4C97-8EF4-060152A428B5}
		{5F8004A7-75AD-49AC-85C7-96D9B9F19533} = {5F8004A7-75AD-49AC-85C7-96D9B9F19533}
	EndProjectSection
EndProject
Project("{8BC9CEB8-8B4A-11D0-8D11-00A0C91BC942}") = "MeshBuilder", "Code\Tools\MeshBuilder\MeshBuilder.vcxproj", "{CFC5A32F-D357-4B01-950E-CA5B6852B89D}"
	ProjectSection(ProjectDependencies) = postProject
		{433FF686-9527-4C97-8EF4-060152A428B5} = {433FF686-9527-4C97-8EF4-060152A428B5}
		{5F8004A7-75AD-49AC-85C7-96D9B9F19533} = {5F8004A7-75AD-49AC-85C7-96D9B9F19533}
		{45CDCFF0-7F57-457F-9706-C3C15E7EA597} = {45CDCFF0-7F57-457F-9706-C3C15E7EA597}
	EndProjectSection
EndProject
Project("{8BC9CEB8-8B4A-11D0-8D11-00A0C91BC942}") = "Math", "Code\Engine\Math\Math.vcxproj", "{06F00F02-D352-44A1-B42B-B5C2CEB2567A}"
EndProject
Project("{8BC9CEB8-8B4A-11D0-8D11-00A0C91BC942}") = "Time", "Code\Engine\Time\Time.vcxproj", "{136761E4-C684-4AFF-BF27-E946FCF006A1}"
	ProjectSection(ProjectDependencies) = postProject
		{433FF686-9527-4C97-8EF4-060152A428B5} = {433FF686-9527-4C97-8EF4-060152A428B5}
	EndProjectSection
EndProject
Project("{8BC9CEB8-8B4A-11D0-8D11-00A0C91BC942}") = "UserInput", "Code\Engine\UserInput\UserInput.vcxproj", "{552B2876-037A-4A14-8E5B-D73907DF5322}"
EndProject
Project("{8BC9CEB8-8B4A-11D0-8D11-00A0C91BC942}") = "Core", "Code\Engine\Core\Core.vcxproj", "{1104BADA-153D-46D4-B8F7-22228BDA7608}"
	ProjectSection(ProjectDependencies) = postProject
		{06F00F02-D352-44A1-B42B-B5C2CEB2567A} = {06F00F02-D352-44A1-B42B-B5C2CEB2567A}
		{3B866650-DA3E-4589-A417-38A3DE60EDD5} = {3B866650-DA3E-4589-A417-38A3DE60EDD5}
	EndProjectSection
EndProject
Global
	GlobalSection(SolutionConfigurationPlatforms) = preSolution
		Debug|Direct3D_64 = Debug|Direct3D_64
		Debug|OpenGL_32 = Debug|OpenGL_32
		Release|Direct3D_64 = Release|Direct3D_64
		Release|OpenGL_32 = Release|OpenGL_32
	EndGlobalSection
	GlobalSection(ProjectConfigurationPlatforms) = postSolution
		{C157A36A-8BCA-4885-A186-5CD5F2189A51}.Debug|Direct3D_64.ActiveCfg = Debug|x64
		{C157A36A-8BCA-4885-A186-5CD5F2189A51}.Debug|Direct3D_64.Build.0 = Debug|x64
		{C157A36A-8BCA-4885-A186-5CD5F2189A51}.Debug|OpenGL_32.ActiveCfg = Debug|Win32
		{C157A36A-8BCA-4885-A186-5CD5F2189A51}.Debug|OpenGL_32.Build.0 = Debug|Win32
		{C157A36A-8BCA-4885-A186-5CD5F2189A51}.Release|Direct3D_64.ActiveCfg = Release|x64
		{C157A36A-8BCA-4885-A186-5CD5F2189A51}.Release|Direct3D_64.Build.0 = Release|x64
		{C157A36A-8BCA-4885-A186-5CD5F2189A51}.Release|OpenGL_32.ActiveCfg = Release|Win32
		{C157A36A-8BCA-4885-A186-5CD5F2189A51}.Release|OpenGL_32.Build.0 = Release|Win32
		{3670C64E-AAA0-4056-BF89-744D0276F609}.Debug|Direct3D_64.ActiveCfg = Debug|x64
		{3670C64E-AAA0-4056-BF89-744D0276F609}.Debug|Direct3D_64.Build.0 = Debug|x64
		{3670C64E-AAA0-4056-BF89-744D0276F609}.Debug|OpenGL_32.ActiveCfg = Debug|Win32
		{3670C64E-AAA0-4056-BF89-744D0276F609}.Debug|OpenGL_32.Build.0 = Debug|Win32
		{3670C64E-AAA0-4056-BF89-744D0276F609}.Release|Direct3D_64.ActiveCfg = Release|x64
		{3670C64E-AAA0-4056-BF89-744D0276F609}.Release|Direct3D_64.Build.0 = Release|x64
		{3670C64E-AAA0-4056-BF89-744D0276F609}.Release|OpenGL_32.ActiveCfg = Release|Win32
		{3670C64E-AAA0-4056-BF89-744D0276F609}.Release|OpenGL_32.Build.0 = Release|Win32
		{3B866650-DA3E-4589-A417-38A3DE60EDD5}.Debug|Direct3D_64.ActiveCfg = Debug|x64
		{3B866650-DA3E-4589-A417-38A3DE60EDD5}.Debug|Direct3D_64.Build.0 = Debug|x64
		{3B866650-DA3E-4589-A417-38A3DE60EDD5}.Debug|OpenGL_32.ActiveCfg = Debug|Win32
		{3B866650-DA3E-4589-A417-38A3DE60EDD5}.Debug|OpenGL_32.Build.0 = Debug|Win32
		{3B866650-DA3E-4589-A417-38A3DE60EDD5}.Release|Direct3D_64.ActiveCfg = Release|x64
		{3B866650-DA3E-4589-A417-38A3DE60EDD5}.Release|Direct3D_64.Build.0 = Release|x64
		{3B866650-DA3E-4589-A417-38A3DE60EDD5}.Release|OpenGL_32.ActiveCfg = Release|Win32
		{3B866650-DA3E-4589-A417-38A3DE60EDD5}.Release|OpenGL_32.Build.0 = Release|Win32
		{1620450C-4D4B-439F-8065-C90773F7375F}.Debug|Direct3D_64.ActiveCfg = Debug|x64
		{1620450C-4D4B-439F-8065-C90773F7375F}.Debug|Direct3D_64.Build.0 = Debug|x64
		{1620450C-4D4B-439F-8065-C90773F7375F}.Debug|OpenGL_32.ActiveCfg = Debug|Win32
		{1620450C-4D4B-439F-8065-C90773F7375F}.Debug|OpenGL_32.Build.0 = Debug|Win32
		{1620450C-4D4B-439F-8065-C90773F7375F}.Release|Direct3D_64.ActiveCfg = Release|x64
		{1620450C-4D4B-439F-8065-C90773F7375F}.Release|Direct3D_64.Build.0 = Release|x64
		{1620450C-4D4B-439F-8065-C90773F7375F}.Release|OpenGL_32.ActiveCfg = Release|Win32
		{1620450C-4D4B-439F-8065-C90773F7375F}.Release|OpenGL_32.Build.0 = Release|Win32
		{B6BC0082-C4EF-4B54-9247-6C5FF414FF2A}.Debug|Direct3D_64.ActiveCfg = Debug|x64
		{B6BC0082-C4EF-4B54-9247-6C5FF414FF2A}.Debug|OpenGL_32.ActiveCfg = Debug|Win32
		{B6BC0082-C4EF-4B54-9247-6C5FF414FF2A}.Debug|OpenGL_32.Build.0 = Debug|Win32
		{B6BC0082-C4EF-4B54-9247-6C5FF414FF2A}.Release|Direct3D_64.ActiveCfg = Release|x64
		{B6BC0082-C4EF-4B54-9247-6C5FF414FF2A}.Release|OpenGL_32.ActiveCfg = Release|Win32
		{B6BC0082-C4EF-4B54-9247-6C5FF414FF2A}.Release|OpenGL_32.Build.0 = Release|Win32
		{45CDCFF0-7F57-457F-9706-C3C15E7EA597}.Debug|Direct3D_64.ActiveCfg = Debug|x64
		{45CDCFF0-7F57-457F-9706-C3C15E7EA597}.Debug|Direct3D_64.Build.0 = Debug|x64
		{45CDCFF0-7F57-457F-9706-C3C15E7EA597}.Debug|OpenGL_32.ActiveCfg = Debug|Win32
		{45CDCFF0-7F57-457F-9706-C3C15E7EA597}.Debug|OpenGL_32.Build.0 = Debug|Win32
		{45CDCFF0-7F57-457F-9706-C3C15E7EA597}.Release|Direct3D_64.ActiveCfg = Release|x64
		{45CDCFF0-7F57-457F-9706-C3C15E7EA597}.Release|Direct3D_64.Build.0 = Release|x64
		{45CDCFF0-7F57-457F-9706-C3C15E7EA597}.Release|OpenGL_32.ActiveCfg = Release|Win32
		{45CDCFF0-7F57-457F-9706-C3C15E7EA597}.Release|OpenGL_32.Build.0 = Release|Win32
		{393119AF-5F33-4130-9BE8-8A59EEBED07E}.Debug|Direct3D_64.ActiveCfg = Debug|x64
		{393119AF-5F33-4130-9BE8-8A59EEBED07E}.Debug|Direct3D_64.Build.0 = Debug|x64
		{393119AF-5F33-4130-9BE8-8A59EEBED07E}.Debug|OpenGL_32.ActiveCfg = Debug|Win32
		{393119AF-5F33-4130-9BE8-8A59EEBED07E}.Debug|OpenGL_32.Build.0 = Debug|Win32
		{393119AF-5F33-4130-9BE8-8A59EEBED07E}.Release|Direct3D_64.ActiveCfg = Release|x64
		{393119AF-5F33-4130-9BE8-8A59EEBED07E}.Release|Direct3D_64.Build.0 = Release|x64
		{393119AF-5F33-4130-9BE8-8A59EEBED07E}.Release|OpenGL_32.ActiveCfg = Release|Win32
		{393119AF-5F33-4130-9BE8-8A59EEBED07E}.Release|OpenGL_32.Build.0 = Release|Win32
		{9653A255-0309-403F-9193-DE569343011F}.Debug|Direct3D_64.ActiveCfg = Debug|x64
		{9653A255-0309-403F-9193-DE569343011F}.Debug|Direct3D_64.Build.0 = Debug|x64
		{9653A255-0309-403F-9193-DE569343011F}.Debug|OpenGL_32.ActiveCfg = Debug|Win32
		{9653A255-0309-403F-9193-DE569343011F}.Debug|OpenGL_32.Build.0 = Debug|Win32
		{9653A255-0309-403F-9193-DE569343011F}.Release|Direct3D_64.ActiveCfg = Release|x64
		{9653A255-0309-403F-9193-DE569343011F}.Release|Direct3D_64.Build.0 = Release|x64
		{9653A255-0309-403F-9193-DE569343011F}.Release|OpenGL_32.ActiveCfg = Release|Win32
		{9653A255-0309-403F-9193-DE569343011F}.Release|OpenGL_32.Build.0 = Release|Win32
		{433FF686-9527-4C97-8EF4-060152A428B5}.Debug|Direct3D_64.ActiveCfg = Debug|x64
		{433FF686-9527-4C97-8EF4-060152A428B5}.Debug|Direct3D_64.Build.0 = Debug|x64
		{433FF686-9527-4C97-8EF4-060152A428B5}.Debug|OpenGL_32.ActiveCfg = Debug|Win32
		{433FF686-9527-4C97-8EF4-060152A428B5}.Debug|OpenGL_32.Build.0 = Debug|Win32
		{433FF686-9527-4C97-8EF4-060152A428B5}.Release|Direct3D_64.ActiveCfg = Release|x64
		{433FF686-9527-4C97-8EF4-060152A428B5}.Release|Direct3D_64.Build.0 = Release|x64
		{433FF686-9527-4C97-8EF4-060152A428B5}.Release|OpenGL_32.ActiveCfg = Release|Win32
		{433FF686-9527-4C97-8EF4-060152A428B5}.Release|OpenGL_32.Build.0 = Release|Win32
		{ABF804FE-993A-43E2-A242-F3090A290B12}.Debug|Direct3D_64.ActiveCfg = Debug|x64
		{ABF804FE-993A-43E2-A242-F3090A290B12}.Debug|Direct3D_64.Build.0 = Debug|x64
		{ABF804FE-993A-43E2-A242-F3090A290B12}.Debug|OpenGL_32.ActiveCfg = Debug|Win32
		{ABF804FE-993A-43E2-A242-F3090A290B12}.Debug|OpenGL_32.Build.0 = Debug|Win32
		{ABF804FE-993A-43E2-A242-F3090A290B12}.Release|Direct3D_64.ActiveCfg = Release|x64
		{ABF804FE-993A-43E2-A242-F3090A290B12}.Release|Direct3D_64.Build.0 = Release|x64
		{ABF804FE-993A-43E2-A242-F3090A290B12}.Release|OpenGL_32.ActiveCfg = Release|Win32
		{ABF804FE-993A-43E2-A242-F3090A290B12}.Release|OpenGL_32.Build.0 = Release|Win32
		{5F8004A7-75AD-49AC-85C7-96D9B9F19533}.Debug|Direct3D_64.ActiveCfg = Debug|x64
		{5F8004A7-75AD-49AC-85C7-96D9B9F19533}.Debug|Direct3D_64.Build.0 = Debug|x64
		{5F8004A7-75AD-49AC-85C7-96D9B9F19533}.Debug|OpenGL_32.ActiveCfg = Debug|Win32
		{5F8004A7-75AD-49AC-85C7-96D9B9F19533}.Debug|OpenGL_32.Build.0 = Debug|Win32
		{5F8004A7-75AD-49AC-85C7-96D9B9F19533}.Release|Direct3D_64.ActiveCfg = Release|x64
		{5F8004A7-75AD-49AC-85C7-96D9B9F19533}.Release|Direct3D_64.Build.0 = Release|x64
		{5F8004A7-75AD-49AC-85C7-96D9B9F19533}.Release|OpenGL_32.ActiveCfg = Release|Win32
		{5F8004A7-75AD-49AC-85C7-96D9B9F19533}.Release|OpenGL_32.Build.0 = Release|Win32
		{C9BDAC7C-C59A-4367-A21D-0FEDABB93012}.Debug|Direct3D_64.ActiveCfg = Debug|x64
		{C9BDAC7C-C59A-4367-A21D-0FEDABB93012}.Debug|Direct3D_64.Build.0 = Debug|x64
		{C9BDAC7C-C59A-4367-A21D-0FEDABB93012}.Debug|OpenGL_32.ActiveCfg = Debug|Win32
		{C9BDAC7C-C59A-4367-A21D-0FEDABB93012}.Debug|OpenGL_32.Build.0 = Debug|Win32
		{C9BDAC7C-C59A-4367-A21D-0FEDABB93012}.Release|Direct3D_64.ActiveCfg = Release|x64
		{C9BDAC7C-C59A-4367-A21D-0FEDABB93012}.Release|Direct3D_64.Build.0 = Release|x64
		{C9BDAC7C-C59A-4367-A21D-0FEDABB93012}.Release|OpenGL_32.ActiveCfg = Release|Win32
		{C9BDAC7C-C59A-4367-A21D-0FEDABB93012}.Release|OpenGL_32.Build.0 = Release|Win32
		{CFC5A32F-D357-4B01-950E-CA5B6852B89D}.Debug|Direct3D_64.ActiveCfg = Debug|x64
		{CFC5A32F-D357-4B01-950E-CA5B6852B89D}.Debug|Direct3D_64.Build.0 = Debug|x64
		{CFC5A32F-D357-4B01-950E-CA5B6852B89D}.Debug|OpenGL_32.ActiveCfg = Debug|Win32
		{CFC5A32F-D357-4B01-950E-CA5B6852B89D}.Debug|OpenGL_32.Build.0 = Debug|Win32
		{CFC5A32F-D357-4B01-950E-CA5B6852B89D}.Release|Direct3D_64.ActiveCfg = Release|x64
		{CFC5A32F-D357-4B01-950E-CA5B6852B89D}.Release|Direct3D_64.Build.0 = Release|x64
		{CFC5A32F-D357-4B01-950E-CA5B6852B89D}.Release|OpenGL_32.ActiveCfg = Release|Win32
		{CFC5A32F-D357-4B01-950E-CA5B6852B89D}.Release|OpenGL_32.Build.0 = Release|Win32
		{06F00F02-D352-44A1-B42B-B5C2CEB2567A}.Debug|Direct3D_64.ActiveCfg = Debug|x64
		{06F00F02-D352-44A1-B42B-B5C2CEB2567A}.Debug|Direct3D_64.Build.0 = Debug|x64
		{06F00F02-D352-44A1-B42B-B5C2CEB2567A}.Debug|OpenGL_32.ActiveCfg = Debug|Win32
		{06F00F02-D352-44A1-B42B-B5C2CEB2567A}.Debug|OpenGL_32.Build.0 = Debug|Win32
		{06F00F02-D352-44A1-B42B-B5C2CEB2567A}.Release|Direct3D_64.ActiveCfg = Release|x64
		{06F00F02-D352-44A1-B42B-B5C2CEB2567A}.Release|Direct3D_64.Build.0 = Release|x64
		{06F00F02-D352-44A1-B42B-B5C2CEB2567A}.Release|OpenGL_32.ActiveCfg = Release|Win32
		{06F00F02-D352-44A1-B42B-B5C2CEB2567A}.Release|OpenGL_32.Build.0 = Release|Win32
		{136761E4-C684-4AFF-BF27-E946FCF006A1}.Debug|Direct3D_64.ActiveCfg = Debug|x64
		{136761E4-C684-4AFF-BF27-E946FCF006A1}.Debug|Direct3D_64.Build.0 = Debug|x64
		{136761E4-C684-4AFF-BF27-E946FCF006A1}.Debug|OpenGL_32.ActiveCfg = Debug|Win32
		{136761E4-C684-4AFF-BF27-E946FCF006A1}.Debug|OpenGL_32.Build.0 = Debug|Win32
		{136761E4-C684-4AFF-BF27-E946FCF006A1}.Release|Direct3D_64.ActiveCfg = Release|x64
		{136761E4-C684-4AFF-BF27-E946FCF006A1}.Release|Direct3D_64.Build.0 = Release|x64
		{136761E4-C684-4AFF-BF27-E946FCF006A1}.Release|OpenGL_32.ActiveCfg = Release|Win32
		{136761E4-C684-4AFF-BF27-E946FCF006A1}.Release|OpenGL_32.Build.0 = Release|Win32
		{552B2876-037A-4A14-8E5B-D73907DF5322}.Debug|Direct3D_64.ActiveCfg = Debug|x64
		{552B2876-037A-4A14-8E5B-D73907DF5322}.Debug|Direct3D_64.Build.0 = Debug|x64
		{552B2876-037A-4A14-8E5B-D73907DF5322}.Debug|OpenGL_32.ActiveCfg = Debug|Win32
		{552B2876-037A-4A14-8E5B-D73907DF5322}.Debug|OpenGL_32.Build.0 = Debug|Win32
		{552B2876-037A-4A14-8E5B-D73907DF5322}.Release|Direct3D_64.ActiveCfg = Release|x64
		{552B2876-037A-4A14-8E5B-D73907DF5322}.Release|Direct3D_64.Build.0 = Release|x64
		{552B2876-037A-4A14-8E5B-D73907DF5322}.Release|OpenGL_32.ActiveCfg = Release|Win32
		{552B2876-037A-4A14-8E5B-D73907DF5322}.Release|OpenGL_32.Build.0 = Release|Win32
		{1104BADA-153D-46D4-B8F7-22228BDA7608}.Debug|Direct3D_64.ActiveCfg = Debug|x64
		{1104BADA-153D-46D4-B8F7-22228BDA7608}.Debug|Direct3D_64.Build.0 = Debug|x64
		{1104BADA-153D-46D4-B8F7-22228BDA7608}.Debug|OpenGL_32.ActiveCfg = Debug|Win32
		{1104BADA-153D-46D4-B8F7-22228BDA7608}.Debug|OpenGL_32.Build.0 = Debug|Win32
		{1104BADA-153D-46D4-B8F7-22228BDA7608}.Release|Direct3D_64.ActiveCfg = Release|x64
		{1104BADA-153D-46D4-B8F7-22228BDA7608}.Release|Direct3D_64.Build.0 = Release|x64
		{1104BADA-153D-46D4-B8F7-22228BDA7608}.Release|OpenGL_32.ActiveCfg = Release|Win32
		{1104BADA-153D-46D4-B8F7-22228BDA7608}.Release|OpenGL_32.Build.0 = Release|Win32
	EndGlobalSection
	GlobalSection(SolutionProperties) = preSolution
		HideSolutionNode = FALSE
	EndGlobalSection
	GlobalSection(NestedProjects) = preSolution
		{C157A36A-8BCA-4885-A186-5CD5F2189A51} = {00ECC077-318E-4A02-BCF7-B5EEB760D1EA}
		{3670C64E-AAA0-4056-BF89-744D0276F609} = {00ECC077-318E-4A02-BCF7-B5EEB760D1EA}
		{3B866650-DA3E-4589-A417-38A3DE60EDD5} = {99233EC8-D4DA-4F0E-B9D4-46048A9CCC88}
		{1620450C-4D4B-439F-8065-C90773F7375F} = {99233EC8-D4DA-4F0E-B9D4-46048A9CCC88}
		{B6BC0082-C4EF-4B54-9247-6C5FF414FF2A} = {AA7D464F-631D-4AA3-910B-48591777A912}
		{45CDCFF0-7F57-457F-9706-C3C15E7EA597} = {AA7D464F-631D-4AA3-910B-48591777A912}
		{393119AF-5F33-4130-9BE8-8A59EEBED07E} = {AA7D464F-631D-4AA3-910B-48591777A912}
		{9653A255-0309-403F-9193-DE569343011F} = {AA7D464F-631D-4AA3-910B-48591777A912}
		{433FF686-9527-4C97-8EF4-060152A428B5} = {99233EC8-D4DA-4F0E-B9D4-46048A9CCC88}
		{ABF804FE-993A-43E2-A242-F3090A290B12} = {D786DC25-2CAB-4005-8DA3-36AAA0475282}
		{5F8004A7-75AD-49AC-85C7-96D9B9F19533} = {D786DC25-2CAB-4005-8DA3-36AAA0475282}
		{C9BDAC7C-C59A-4367-A21D-0FEDABB93012} = {D786DC25-2CAB-4005-8DA3-36AAA0475282}
		{CFC5A32F-D357-4B01-950E-CA5B6852B89D} = {D786DC25-2CAB-4005-8DA3-36AAA0475282}
		{06F00F02-D352-44A1-B42B-B5C2CEB2567A} = {99233EC8-D4DA-4F0E-B9D4-46048A9CCC88}
		{136761E4-C684-4AFF-BF27-E946FCF006A1} = {99233EC8-D4DA-4F0E-B9D4-46048A9CCC88}
		{552B2876-037A-4A14-8E5B-D73907DF5322} = {99233EC8-D4DA-4F0E-B9D4-46048A9CCC88}
		{1104BADA-153D-46D4-B8F7-22228BDA7608} = {99233EC8-D4DA-4F0E-B9D4-46048A9CCC88}
	EndGlobalSection
EndGlobal
